{
  "name": "xblogtosanity",
  "version": "1.0.0",
  "lockfileVersion": 2,
  "requires": true,
  "packages": {
    "": {
      "name": "xblogtosanity",
      "version": "1.0.0",
      "license": "ISC",
      "devDependencies": {
        "@sanity/block-tools": "^2.24.0",
        "@sanity/schema": "^2.24.0",
        "fast-xml-parser": "^4.0.1",
        "xml2js": "^0.4.23",
        "xmldom": "^0.6.0"
      }
    },
    "node_modules/@sanity/block-tools": {
      "version": "2.24.0",
      "resolved": "https://registry.npmjs.org/@sanity/block-tools/-/block-tools-2.24.0.tgz",
      "integrity": "sha512-8p8We3Uafrt/mJ+TslO6NU7KxlmggQ6dvdEW+5skm1v0FylRc+T7fYNkVhtYfmspwl985osTWFxOT1gElnKC4Q==",
      "dev": true,
      "dependencies": {
        "get-random-values": "^1.2.2",
        "lodash": "^4.17.15"
      }
    },
    "node_modules/@sanity/generate-help-url": {
      "version": "2.18.0",
      "resolved": "https://registry.npmjs.org/@sanity/generate-help-url/-/generate-help-url-2.18.0.tgz",
      "integrity": "sha512-If8Qkw32LWPes16UzqwUsTLgfxF5d4ACdUvCLMl6grJc/5G8LKPAGCQUuA/d1F4W16yCJVV7Zv31HDRDXJSJkg==",
      "dev": true
    },
    "node_modules/@sanity/schema": {
      "version": "2.24.0",
      "resolved": "https://registry.npmjs.org/@sanity/schema/-/schema-2.24.0.tgz",
      "integrity": "sha512-FhdoX2lpFOvMbd0UdX3+fqwIQPO9gBDo2b37iTkzeH+gNATDbqUPNF4s3kjBEDutPBTjaD/xGXii02AM3NbQgQ==",
      "dev": true,
      "dependencies": {
        "@sanity/generate-help-url": "2.18.0",
        "arrify": "^1.0.1",
        "humanize-list": "^1.0.1",
        "leven": "^3.1.0",
        "lodash": "^4.17.15",
        "object-inspect": "^1.6.0"
      }
    },
    "node_modules/arrify": {
      "version": "1.0.1",
      "resolved": "https://registry.npmjs.org/arrify/-/arrify-1.0.1.tgz",
      "integrity": "sha1-iYUI2iIm84DfkEcoRWhJwVAaSw0=",
      "dev": true,
      "engines": {
        "node": ">=0.10.0"
      }
    },
    "node_modules/dom-walk": {
      "version": "0.1.2",
      "resolved": "https://registry.npmjs.org/dom-walk/-/dom-walk-0.1.2.tgz",
      "integrity": "sha512-6QvTW9mrGeIegrFXdtQi9pk7O/nSK6lSdXW2eqUspN5LWD7UTji2Fqw5V2YLjBpHEoU9Xl/eUWNpDeZvoyOv2w==",
      "dev": true
    },
    "node_modules/fast-xml-parser": {
      "version": "4.0.1",
      "resolved": "https://registry.npmjs.org/fast-xml-parser/-/fast-xml-parser-4.0.1.tgz",
      "integrity": "sha512-EN1yOXDmMqpHrqkwTlCJDvFjepJBoBxjLRDtDxFmqrBILGV3NyFWpmcsofSKCCzc+YxhvNreB5rcKzG+TlyWpg==",
      "dev": true,
      "dependencies": {
        "strnum": "^1.0.5"
      },
      "bin": {
        "fxparser": "src/cli/cli.js"
      },
      "funding": {
        "type": "paypal",
        "url": "https://paypal.me/naturalintelligence"
      }
    },
    "node_modules/get-random-values": {
      "version": "1.2.2",
      "resolved": "https://registry.npmjs.org/get-random-values/-/get-random-values-1.2.2.tgz",
      "integrity": "sha512-lMyPjQyl0cNNdDf2oR+IQ/fM3itDvpoHy45Ymo2r0L1EjazeSl13SfbKZs7KtZ/3MDCeueiaJiuOEfKqRTsSgA==",
      "dev": true,
      "dependencies": {
        "global": "^4.4.0"
      },
      "engines": {
        "node": "10 || 12 || >=14"
      }
    },
    "node_modules/global": {
      "version": "4.4.0",
      "resolved": "https://registry.npmjs.org/global/-/global-4.4.0.tgz",
      "integrity": "sha512-wv/LAoHdRE3BeTGz53FAamhGlPLhlssK45usmGFThIi4XqnBmjKQ16u+RNbP7WvigRZDxUsM0J3gcQ5yicaL0w==",
      "dev": true,
      "dependencies": {
        "min-document": "^2.19.0",
        "process": "^0.11.10"
      }
    },
    "node_modules/humanize-list": {
      "version": "1.0.1",
      "resolved": "https://registry.npmjs.org/humanize-list/-/humanize-list-1.0.1.tgz",
      "integrity": "sha1-5+cZxgpdWEjo4KXtXwqIVJbCOf0=",
      "dev": true
    },
    "node_modules/leven": {
      "version": "3.1.0",
      "resolved": "https://registry.npmjs.org/leven/-/leven-3.1.0.tgz",
      "integrity": "sha512-qsda+H8jTaUaN/x5vzW2rzc+8Rw4TAQ/4KjB46IwK5VH+IlVeeeje/EoZRpiXvIqjFgK84QffqPztGI3VBLG1A==",
      "dev": true,
      "engines": {
        "node": ">=6"
      }
    },
    "node_modules/lodash": {
      "version": "4.17.21",
      "resolved": "https://registry.npmjs.org/lodash/-/lodash-4.17.21.tgz",
      "integrity": "sha512-v2kDEe57lecTulaDIuNTPy3Ry4gLGJ6Z1O3vE1krgXZNrsQ+LFTGHVxVjcXPs17LhbZVGedAJv8XZ1tvj5FvSg==",
      "dev": true
    },
    "node_modules/min-document": {
      "version": "2.19.0",
      "resolved": "https://registry.npmjs.org/min-document/-/min-document-2.19.0.tgz",
      "integrity": "sha1-e9KC4/WELtKVu3SM3Z8f+iyCRoU=",
      "dev": true,
      "dependencies": {
        "dom-walk": "^0.1.0"
      }
    },
    "node_modules/object-inspect": {
      "version": "1.12.0",
      "resolved": "https://registry.npmjs.org/object-inspect/-/object-inspect-1.12.0.tgz",
      "integrity": "sha512-Ho2z80bVIvJloH+YzRmpZVQe87+qASmBUKZDWgx9cu+KDrX2ZDH/3tMy+gXbZETVGs2M8YdxObOh7XAtim9Y0g==",
      "dev": true,
      "funding": {
        "url": "https://github.com/sponsors/ljharb"
      }
    },
    "node_modules/process": {
      "version": "0.11.10",
      "resolved": "https://registry.npmjs.org/process/-/process-0.11.10.tgz",
      "integrity": "sha1-czIwDoQBYb2j5podHZGn1LwW8YI=",
      "dev": true,
      "engines": {
        "node": ">= 0.6.0"
      }
    },
    "node_modules/sax": {
      "version": "1.2.4",
      "resolved": "https://registry.npmjs.org/sax/-/sax-1.2.4.tgz",
      "integrity": "sha512-NqVDv9TpANUjFm0N8uM5GxL36UgKi9/atZw+x7YFnQ8ckwFGKrl4xX4yWtrey3UJm5nP1kUbnYgLopqWNSRhWw==",
      "dev": true
    },
    "node_modules/strnum": {
      "version": "1.0.5",
      "resolved": "https://registry.npmjs.org/strnum/-/strnum-1.0.5.tgz",
      "integrity": "sha512-J8bbNyKKXl5qYcR36TIO8W3mVGVHrmmxsd5PAItGkmyzwJvybiw2IVq5nqd0i4LSNSkB/sx9VHllbfFdr9k1JA==",
      "dev": true
    },
    "node_modules/xml2js": {
      "version": "0.4.23",
      "resolved": "https://registry.npmjs.org/xml2js/-/xml2js-0.4.23.tgz",
      "integrity": "sha512-ySPiMjM0+pLDftHgXY4By0uswI3SPKLDw/i3UXbnO8M/p28zqexCUoPmQFrYD+/1BzhGJSs2i1ERWKJAtiLrug==",
      "dev": true,
      "dependencies": {
        "sax": ">=0.6.0",
        "xmlbuilder": "~11.0.0"
      },
      "engines": {
        "node": ">=4.0.0"
      }
    },
    "node_modules/xmlbuilder": {
      "version": "11.0.1",
      "resolved": "https://registry.npmjs.org/xmlbuilder/-/xmlbuilder-11.0.1.tgz",
      "integrity": "sha512-fDlsI/kFEx7gLvbecc0/ohLG50fugQp8ryHzMTuW9vSa1GJ0XYWKnhsUx7oie3G98+r56aTQIUB4kht42R3JvA==",
      "dev": true,
      "engines": {
        "node": ">=4.0"
      }
    },
    "node_modules/xmldom": {
      "version": "0.6.0",
      "resolved": "https://registry.npmjs.org/xmldom/-/xmldom-0.6.0.tgz",
      "integrity": "sha512-iAcin401y58LckRZ0TkI4k0VSM1Qg0KGSc3i8rU+xrxe19A/BN1zHyVSJY7uoutVlaTSzYyk/v5AmkewAP7jtg==",
      "dev": true,
      "engines": {
        "node": ">=10.0.0"
      }
    }
  },
  "dependencies": {
    "@sanity/block-tools": {
      "version": "2.24.0",
      "resolved": "https://registry.npmjs.org/@sanity/block-tools/-/block-tools-2.24.0.tgz",
      "integrity": "sha512-8p8We3Uafrt/mJ+TslO6NU7KxlmggQ6dvdEW+5skm1v0FylRc+T7fYNkVhtYfmspwl985osTWFxOT1gElnKC4Q==",
      "dev": true,
      "requires": {
        "get-random-values": "^1.2.2",
        "lodash": "^4.17.15"
      }
    },
    "@sanity/generate-help-url": {
      "version": "2.18.0",
      "resolved": "https://registry.npmjs.org/@sanity/generate-help-url/-/generate-help-url-2.18.0.tgz",
      "integrity": "sha512-If8Qkw32LWPes16UzqwUsTLgfxF5d4ACdUvCLMl6grJc/5G8LKPAGCQUuA/d1F4W16yCJVV7Zv31HDRDXJSJkg==",
      "dev": true
    },
    "@sanity/schema": {
      "version": "2.24.0",
      "resolved": "https://registry.npmjs.org/@sanity/schema/-/schema-2.24.0.tgz",
      "integrity": "sha512-FhdoX2lpFOvMbd0UdX3+fqwIQPO9gBDo2b37iTkzeH+gNATDbqUPNF4s3kjBEDutPBTjaD/xGXii02AM3NbQgQ==",
      "dev": true,
      "requires": {
        "@sanity/generate-help-url": "2.18.0",
        "arrify": "^1.0.1",
        "humanize-list": "^1.0.1",
        "leven": "^3.1.0",
        "lodash": "^4.17.15",
        "object-inspect": "^1.6.0"
      }
    },
    "arrify": {
      "version": "1.0.1",
      "resolved": "https://registry.npmjs.org/arrify/-/arrify-1.0.1.tgz",
      "integrity": "sha1-iYUI2iIm84DfkEcoRWhJwVAaSw0=",
      "dev": true
    },
    "dom-walk": {
      "version": "0.1.2",
      "resolved": "https://registry.npmjs.org/dom-walk/-/dom-walk-0.1.2.tgz",
      "integrity": "sha512-6QvTW9mrGeIegrFXdtQi9pk7O/nSK6lSdXW2eqUspN5LWD7UTji2Fqw5V2YLjBpHEoU9Xl/eUWNpDeZvoyOv2w==",
      "dev": true
    },
    "fast-xml-parser": {
      "version": "4.0.1",
      "resolved": "https://registry.npmjs.org/fast-xml-parser/-/fast-xml-parser-4.0.1.tgz",
      "integrity": "sha512-EN1yOXDmMqpHrqkwTlCJDvFjepJBoBxjLRDtDxFmqrBILGV3NyFWpmcsofSKCCzc+YxhvNreB5rcKzG+TlyWpg==",
      "dev": true,
      "requires": {
        "strnum": "^1.0.5"
      }
    },
    "get-random-values": {
      "version": "1.2.2",
      "resolved": "https://registry.npmjs.org/get-random-values/-/get-random-values-1.2.2.tgz",
      "integrity": "sha512-lMyPjQyl0cNNdDf2oR+IQ/fM3itDvpoHy45Ymo2r0L1EjazeSl13SfbKZs7KtZ/3MDCeueiaJiuOEfKqRTsSgA==",
      "dev": true,
      "requires": {
        "global": "^4.4.0"
      }
    },
    "global": {
      "version": "4.4.0",
      "resolved": "https://registry.npmjs.org/global/-/global-4.4.0.tgz",
      "integrity": "sha512-wv/LAoHdRE3BeTGz53FAamhGlPLhlssK45usmGFThIi4XqnBmjKQ16u+RNbP7WvigRZDxUsM0J3gcQ5yicaL0w==",
      "dev": true,
      "requires": {
        "min-document": "^2.19.0",
        "process": "^0.11.10"
      }
    },
    "humanize-list": {
      "version": "1.0.1",
      "resolved": "https://registry.npmjs.org/humanize-list/-/humanize-list-1.0.1.tgz",
      "integrity": "sha1-5+cZxgpdWEjo4KXtXwqIVJbCOf0=",
      "dev": true
    },
    "leven": {
      "version": "3.1.0",
      "resolved": "https://registry.npmjs.org/leven/-/leven-3.1.0.tgz",
      "integrity": "sha512-qsda+H8jTaUaN/x5vzW2rzc+8Rw4TAQ/4KjB46IwK5VH+IlVeeeje/EoZRpiXvIqjFgK84QffqPztGI3VBLG1A==",
      "dev": true
    },
    "lodash": {
      "version": "4.17.21",
      "resolved": "https://registry.npmjs.org/lodash/-/lodash-4.17.21.tgz",
      "integrity": "sha512-v2kDEe57lecTulaDIuNTPy3Ry4gLGJ6Z1O3vE1krgXZNrsQ+LFTGHVxVjcXPs17LhbZVGedAJv8XZ1tvj5FvSg==",
      "dev": true
    },
    "min-document": {
      "version": "2.19.0",
      "resolved": "https://registry.npmjs.org/min-document/-/min-document-2.19.0.tgz",
      "integrity": "sha1-e9KC4/WELtKVu3SM3Z8f+iyCRoU=",
      "dev": true,
      "requires": {
        "dom-walk": "^0.1.0"
      }
    },
    "object-inspect": {
      "version": "1.12.0",
      "resolved": "https://registry.npmjs.org/object-inspect/-/object-inspect-1.12.0.tgz",
      "integrity": "sha512-Ho2z80bVIvJloH+YzRmpZVQe87+qASmBUKZDWgx9cu+KDrX2ZDH/3tMy+gXbZETVGs2M8YdxObOh7XAtim9Y0g==",
      "dev": true
    },
    "process": {
      "version": "0.11.10",
      "resolved": "https://registry.npmjs.org/process/-/process-0.11.10.tgz",
      "integrity": "sha1-czIwDoQBYb2j5podHZGn1LwW8YI=",
      "dev": true
    },
    "sax": {
      "version": "1.2.4",
      "resolved": "https://registry.npmjs.org/sax/-/sax-1.2.4.tgz",
      "integrity": "sha512-NqVDv9TpANUjFm0N8uM5GxL36UgKi9/atZw+x7YFnQ8ckwFGKrl4xX4yWtrey3UJm5nP1kUbnYgLopqWNSRhWw==",
      "dev": true
    },
    "strnum": {
      "version": "1.0.5",
      "resolved": "https://registry.npmjs.org/strnum/-/strnum-1.0.5.tgz",
      "integrity": "sha512-J8bbNyKKXl5qYcR36TIO8W3mVGVHrmmxsd5PAItGkmyzwJvybiw2IVq5nqd0i4LSNSkB/sx9VHllbfFdr9k1JA==",
      "dev": true
    },
    "xml2js": {
      "version": "0.4.23",
      "resolved": "https://registry.npmjs.org/xml2js/-/xml2js-0.4.23.tgz",
      "integrity": "sha512-ySPiMjM0+pLDftHgXY4By0uswI3SPKLDw/i3UXbnO8M/p28zqexCUoPmQFrYD+/1BzhGJSs2i1ERWKJAtiLrug==",
      "dev": true,
      "requires": {
        "sax": ">=0.6.0",
        "xmlbuilder": "~11.0.0"
      }
    },
    "xmlbuilder": {
      "version": "11.0.1",
      "resolved": "https://registry.npmjs.org/xmlbuilder/-/xmlbuilder-11.0.1.tgz",
      "integrity": "sha512-fDlsI/kFEx7gLvbecc0/ohLG50fugQp8ryHzMTuW9vSa1GJ0XYWKnhsUx7oie3G98+r56aTQIUB4kht42R3JvA==",
      "dev": true
    },
    "xmldom": {
      "version": "0.6.0",
      "resolved": "https://registry.npmjs.org/xmldom/-/xmldom-0.6.0.tgz",
      "integrity": "sha512-iAcin401y58LckRZ0TkI4k0VSM1Qg0KGSc3i8rU+xrxe19A/BN1zHyVSJY7uoutVlaTSzYyk/v5AmkewAP7jtg==",
      "dev": true
    }
  }
}
